
Microsoft Visual Studio Solution File, Format Version 12.00
# Visual Studio Version 17
VisualStudioVersion = 17.3.32929.385
MinimumVisualStudioVersion = 10.0.40219.1
Project("{8BC9CEB8-8B4A-11D0-8D11-00A0C91BC942}") = "Exceptions", "Exceptions.vcxproj", "{02B702C6-5A00-43CC-B075-1013718DF248}"
EndProject
Global
	GlobalSection(SolutionConfigurationPlatforms) = preSolution
		Debug|x64 = Debug|x64
		Debug|x86 = Debug|x86
		Release|x64 = Release|x64
		Release|x86 = Release|x86
	EndGlobalSection
	GlobalSection(ProjectConfigurationPlatforms) = postSolution
		{02B702C6-5A00-43CC-B075-1013718DF248}.Debug|x64.ActiveCfg = Debug|x64
		{02B702C6-5A00-43CC-B075-1013718DF248}.Debug|x64.Build.0 = Debug|x64
		{02B702C6-5A00-43CC-B075-1013718DF248}.Debug|x86.ActiveCfg = Debug|Win32
		{02B702C6-5A00-43CC-B075-1013718DF248}.Debug|x86.Build.0 = Debug|Win32
		{02B702C6-5A00-43CC-B075-1013718DF248}.Release|x64.ActiveCfg = Release|x64
		{02B702C6-5A00-43CC-B075-1013718DF248}.Release|x64.Build.0 = Release|x64
		{02B702C6-5A00-43CC-B075-1013718DF248}.Release|x86.ActiveCfg = Release|Win32
		{02B702C6-5A00-43CC-B075-1013718DF248}.Release|x86.Build.0 = Release|Win32
	EndGlobalSection
	GlobalSection(SolutionProperties) = preSolution
		HideSolutionNode = FALSE
	EndGlobalSection
	GlobalSection(ExtensibilityGlobals) = postSolution
		SolutionGuid = {458B8626-0B60-41F1-9818-30B72B480499}
	EndGlobalSection
EndGlobal
