
Microsoft Visual Studio Solution File, Format Version 12.00
# Visual Studio Version 17
VisualStudioVersion = 17.6.33712.159
MinimumVisualStudioVersion = 10.0.40219.1
Project("{8BC9CEB8-8B4A-11D0-8D11-00A0C91BC942}") = "Secure communication", "Secure communication.vcxproj", "{E13AC5D8-5858-488D-ACD4-44F5CC1BBEAD}"
EndProject
Global
	GlobalSection(SolutionConfigurationPlatforms) = preSolution
		Debug|x64 = Debug|x64
		Debug|x86 = Debug|x86
		Release|x64 = Release|x64
		Release|x86 = Release|x86
	EndGlobalSection
	GlobalSection(ProjectConfigurationPlatforms) = postSolution
		{E13AC5D8-5858-488D-ACD4-44F5CC1BBEAD}.Debug|x64.ActiveCfg = Debug|x64
		{E13AC5D8-5858-488D-ACD4-44F5CC1BBEAD}.Debug|x64.Build.0 = Debug|x64
		{E13AC5D8-5858-488D-ACD4-44F5CC1BBEAD}.Debug|x86.ActiveCfg = Debug|Win32
		{E13AC5D8-5858-488D-ACD4-44F5CC1BBEAD}.Debug|x86.Build.0 = Debug|Win32
		{E13AC5D8-5858-488D-ACD4-44F5CC1BBEAD}.Release|x64.ActiveCfg = Release|x64
		{E13AC5D8-5858-488D-ACD4-44F5CC1BBEAD}.Release|x64.Build.0 = Release|x64
		{E13AC5D8-5858-488D-ACD4-44F5CC1BBEAD}.Release|x86.ActiveCfg = Release|Win32
		{E13AC5D8-5858-488D-ACD4-44F5CC1BBEAD}.Release|x86.Build.0 = Release|Win32
	EndGlobalSection
	GlobalSection(SolutionProperties) = preSolution
		HideSolutionNode = FALSE
	EndGlobalSection
	GlobalSection(ExtensibilityGlobals) = postSolution
		SolutionGuid = {BA71EF11-5CCE-4CE9-9D09-2A3817B85DDD}
	EndGlobalSection
EndGlobal
