
Microsoft Visual Studio Solution File, Format Version 12.00
# Visual Studio Version 17
VisualStudioVersion = 17.5.33424.131
MinimumVisualStudioVersion = 10.0.40219.1
Project("{8BC9CEB8-8B4A-11D0-8D11-00A0C91BC942}") = "SymbolRate", "SymbolRate.vcxproj", "{DC882BF3-3E7C-4BE1-B49E-F94A0F7D5807}"
EndProject
Global
	GlobalSection(SolutionConfigurationPlatforms) = preSolution
		Debug|x64 = Debug|x64
		Debug|x86 = Debug|x86
		Release|x64 = Release|x64
		Release|x86 = Release|x86
	EndGlobalSection
	GlobalSection(ProjectConfigurationPlatforms) = postSolution
		{DC882BF3-3E7C-4BE1-B49E-F94A0F7D5807}.Debug|x64.ActiveCfg = Debug|x64
		{DC882BF3-3E7C-4BE1-B49E-F94A0F7D5807}.Debug|x64.Build.0 = Debug|x64
		{DC882BF3-3E7C-4BE1-B49E-F94A0F7D5807}.Debug|x86.ActiveCfg = Debug|Win32
		{DC882BF3-3E7C-4BE1-B49E-F94A0F7D5807}.Debug|x86.Build.0 = Debug|Win32
		{DC882BF3-3E7C-4BE1-B49E-F94A0F7D5807}.Release|x64.ActiveCfg = Release|x64
		{DC882BF3-3E7C-4BE1-B49E-F94A0F7D5807}.Release|x64.Build.0 = Release|x64
		{DC882BF3-3E7C-4BE1-B49E-F94A0F7D5807}.Release|x86.ActiveCfg = Release|Win32
		{DC882BF3-3E7C-4BE1-B49E-F94A0F7D5807}.Release|x86.Build.0 = Release|Win32
	EndGlobalSection
	GlobalSection(SolutionProperties) = preSolution
		HideSolutionNode = FALSE
	EndGlobalSection
	GlobalSection(ExtensibilityGlobals) = postSolution
		SolutionGuid = {1E93627D-99BD-4AB0-95D9-4CF7FC513553}
	EndGlobalSection
EndGlobal
